// !$*UTF8*$!
{
	archiveVersion = 1;
	classes = {
	};
	objectVersion = 77;
	objects = {

/* Begin PBXBuildFile section */
		CE2B9FE32F462DB100EB8D2D /* AddPrayerView.swift in Sources */ = {isa = PBXBuildFile; fileRef = CE2B9FC22F462DB100EB8D2D /* AddPrayerView.swift */; };
		CE2B9FE42F462DB100EB8D2D /* APIClient.swift in Sources */ = {isa = PBXBuildFile; fileRef = CE2B9FC32F462DB100EB8D2D /* APIClient.swift */; };
		CE2B9FE52F462DB100EB8D2D /* AudioPlayerManager.swift in Sources */ = {isa = PBXBuildFile; fileRef = CE2B9FC52F462DB100EB8D2D /* AudioPlayerManager.swift */; };
		CE2B9FE62F462DB100EB8D2D /* AuthManager.swift in Sources */ = {isa = PBXBuildFile; fileRef = CE2B9FC62F462DB100EB8D2D /* AuthManager.swift */; };
		CE2B9FE72F462DB100EB8D2D /* AuthService.swift in Sources */ = {isa = PBXBuildFile; fileRef = CE2B9FC72F462DB100EB8D2D /* AuthService.swift */; };
		CE2B9FE82F462DB100EB8D2D /* AuthView.swift in Sources */ = {isa = PBXBuildFile; fileRef = CE2B9FC82F462DB100EB8D2D /* AuthView.swift */; };
		CE2B9FE92F462DB100EB8D2D /* config.swift in Sources */ = {isa = PBXBuildFile; fileRef = CE2B9FC92F462DB100EB8D2D /* config.swift */; };
		CE2B9FEA2F462DB100EB8D2D /* DefaultPrayers.swift in Sources */ = {isa = PBXBuildFile; fileRef = CE2B9FCA2F462DB100EB8D2D /* DefaultPrayers.swift */; };
		CE2B9FEB2F462DB100EB8D2D /* DefaultPrayersView.swift in Sources */ = {isa = PBXBuildFile; fileRef = CE2B9FCB2F462DB100EB8D2D /* DefaultPrayersView.swift */; };
		CE2B9FEC2F462DB100EB8D2D /* DenominationEditView.swift in Sources */ = {isa = PBXBuildFile; fileRef = CE2B9FCC2F462DB100EB8D2D /* DenominationEditView.swift */; };
		CE2B9FED2F462DB100EB8D2D /* DenominationSelectionView.swift in Sources */ = {isa = PBXBuildFile; fileRef = CE2B9FCD2F462DB100EB8D2D /* DenominationSelectionView.swift */; };
		CE2B9FEE2F462DB100EB8D2D /* ForgotPasswordView.swift in Sources */ = {isa = PBXBuildFile; fileRef = CE2B9FCE2F462DB100EB8D2D /* ForgotPasswordView.swift */; };
		CE2B9FEF2F462DB100EB8D2D /* LoginView.swift in Sources */ = {isa = PBXBuildFile; fileRef = CE2B9FCF2F462DB100EB8D2D /* LoginView.swift */; };
		CE2B9FF02F462DB100EB8D2D /* MainTabView.swift in Sources */ = {isa = PBXBuildFile; fileRef = CE2B9FD02F462DB100EB8D2D /* MainTabView.swift */; };
		CE2B9FF12F462DB100EB8D2D /* PrayerAPIService.swift in Sources */ = {isa = PBXBuildFile; fileRef = CE2B9FD12F462DB100EB8D2D /* PrayerAPIService.swift */; };
		CE2B9FF22F462DB100EB8D2D /* PrayerEditorView.swift in Sources */ = {isa = PBXBuildFile; fileRef = CE2B9FD22F462DB100EB8D2D /* PrayerEditorView.swift */; };
		CE2B9FF32F462DB100EB8D2D /* PrayerManager.swift in Sources */ = {isa = PBXBuildFile; fileRef = CE2B9FD32F462DB100EB8D2D /* PrayerManager.swift */; };
		CE2B9FF42F462DB100EB8D2D /* PrayersListView.swift in Sources */ = {isa = PBXBuildFile; fileRef = CE2B9FD42F462DB100EB8D2D /* PrayersListView.swift */; };
		CE2B9FF52F462DB100EB8D2D /* PrayOnItApiService.swift in Sources */ = {isa = PBXBuildFile; fileRef = CE2B9FD52F462DB100EB8D2D /* PrayOnItApiService.swift */; };
		CE2B9FF62F462DB100EB8D2D /* PrayOnItManager.swift in Sources */ = {isa = PBXBuildFile; fileRef = CE2B9FD62F462DB100EB8D2D /* PrayOnItManager.swift */; };
		CE2B9FF72F462DB100EB8D2D /* PrayOnItView.swift in Sources */ = {isa = PBXBuildFile; fileRef = CE2B9FD72F462DB100EB8D2D /* PrayOnItView.swift */; };
		CE2B9FF82F462DB100EB8D2D /* SettingsAPIService.swift in Sources */ = {isa = PBXBuildFile; fileRef = CE2B9FD82F462DB100EB8D2D /* SettingsAPIService.swift */; };
		CE2B9FF92F462DB100EB8D2D /* SettingsView.swift in Sources */ = {isa = PBXBuildFile; fileRef = CE2B9FD92F462DB100EB8D2D /* SettingsView.swift */; };
		CE2B9FFA2F462DB100EB8D2D /* SignUpView.swift in Sources */ = {isa = PBXBuildFile; fileRef = CE2B9FDA2F462DB100EB8D2D /* SignUpView.swift */; };
		CE2B9FFB2F462DB100EB8D2D /* SplashView.swift in Sources */ = {isa = PBXBuildFile; fileRef = CE2B9FDB2F462DB100EB8D2D /* SplashView.swift */; };
		CE2B9FFC2F462DB100EB8D2D /* SubscriptionStatusCard.swift in Sources */ = {isa = PBXBuildFile; fileRef = CE2B9FDC2F462DB100EB8D2D /* SubscriptionStatusCard.swift */; };
		CE2B9FFD2F462DB100EB8D2D /* TowerOfBabbleApp.swift in Sources */ = {isa = PBXBuildFile; fileRef = CE2B9FDD2F462DB100EB8D2D /* TowerOfBabbleApp.swift */; };
		CE2B9FFE2F462DB100EB8D2D /* UserSettings.swift in Sources */ = {isa = PBXBuildFile; fileRef = CE2B9FDE2F462DB100EB8D2D /* UserSettings.swift */; };
		CE2B9FFF2F462DB100EB8D2D /* VoicePreviewManager.swift in Sources */ = {isa = PBXBuildFile; fileRef = CE2B9FDF2F462DB100EB8D2D /* VoicePreviewManager.swift */; };
		CE2BA0002F462DB100EB8D2D /* VoiceSelectionView.swift in Sources */ = {isa = PBXBuildFile; fileRef = CE2B9FE02F462DB100EB8D2D /* VoiceSelectionView.swift */; };
		CE2BA0012F462DB100EB8D2D /* VoiceService.swift in Sources */ = {isa = PBXBuildFile; fileRef = CE2B9FE12F462DB100EB8D2D /* VoiceService.swift */; };
		CE2BA0022F462DB100EB8D2D /* golem_preview.mp3 in Resources */ = {isa = PBXBuildFile; fileRef = CE2B9FBA2F462DB100EB8D2D /* golem_preview.mp3 */; };
		CE2BA0032F462DB100EB8D2D /* guy_neural.mp3 in Resources */ = {isa = PBXBuildFile; fileRef = CE2B9FBB2F462DB100EB8D2D /* guy_neural.mp3 */; };
		CE2BA0042F462DB100EB8D2D /* jenny_neural.mp3 in Resources */ = {isa = PBXBuildFile; fileRef = CE2B9FBC2F462DB100EB8D2D /* jenny_neural.mp3 */; };
		CE2BA0052F462DB100EB8D2D /* jordan_preview.mp3 in Resources */ = {isa = PBXBuildFile; fileRef = CE2B9FBD2F462DB100EB8D2D /* jordan_preview.mp3 */; };
		CE2BA0062F462DB100EB8D2D /* ryan_neural.mp3 in Resources */ = {isa = PBXBuildFile; fileRef = CE2B9FBE2F462DB100EB8D2D /* ryan_neural.mp3 */; };
		CE2BA0072F462DB100EB8D2D /* selene_preview.mp3 in Resources */ = {isa = PBXBuildFile; fileRef = CE2B9FBF2F462DB100EB8D2D /* selene_preview.mp3 */; };
		CE2BA0082F462DB100EB8D2D /* sonia_neural.mp3 in Resources */ = {isa = PBXBuildFile; fileRef = CE2B9FC02F462DB100EB8D2D /* sonia_neural.mp3 */; };
		CE2BA0092F462DB100EB8D2D /* Assets.xcassets in Resources */ = {isa = PBXBuildFile; fileRef = CE2B9FC42F462DB100EB8D2D /* Assets.xcassets */; };
		CE2BA0652F48296600EB8D2D /* SubscriptionService.swift in Sources */ = {isa = PBXBuildFile; fileRef = CE2BA0642F48295A00EB8D2D /* SubscriptionService.swift */; };
		CE2BA0672F48297800EB8D2D /* TierEnforcementView.swift in Sources */ = {isa = PBXBuildFile; fileRef = CE2BA0662F48297600EB8D2D /* TierEnforcementView.swift */; };
		CE99262B2EE357FC003D71CB /* .gitignore in Resources */ = {isa = PBXBuildFile; fileRef = CE99262A2EE357F5003D71CB /* .gitignore */; };
/* End PBXBuildFile section */

/* Begin PBXFileReference section */
		CE2B9FBA2F462DB100EB8D2D /* golem_preview.mp3 */ = {isa = PBXFileReference; lastKnownFileType = audio.mp3; path = golem_preview.mp3; sourceTree = "<group>"; };
		CE2B9FBB2F462DB100EB8D2D /* guy_neural.mp3 */ = {isa = PBXFileReference; lastKnownFileType = audio.mp3; path = guy_neural.mp3; sourceTree = "<group>"; };
		CE2B9FBC2F462DB100EB8D2D /* jenny_neural.mp3 */ = {isa = PBXFileReference; lastKnownFileType = audio.mp3; path = jenny_neural.mp3; sourceTree = "<group>"; };
		CE2B9FBD2F462DB100EB8D2D /* jordan_preview.mp3 */ = {isa = PBXFileReference; lastKnownFileType = audio.mp3; path = jordan_preview.mp3; sourceTree = "<group>"; };
		CE2B9FBE2F462DB100EB8D2D /* ryan_neural.mp3 */ = {isa = PBXFileReference; lastKnownFileType = audio.mp3; path = ryan_neural.mp3; sourceTree = "<group>"; };
		CE2B9FBF2F462DB100EB8D2D /* selene_preview.mp3 */ = {isa = PBXFileReference; lastKnownFileType = audio.mp3; path = selene_preview.mp3; sourceTree = "<group>"; };
		CE2B9FC02F462DB100EB8D2D /* sonia_neural.mp3 */ = {isa = PBXFileReference; lastKnownFileType = audio.mp3; path = sonia_neural.mp3; sourceTree = "<group>"; };
		CE2B9FC22F462DB100EB8D2D /* AddPrayerView.swift */ = {isa = PBXFileReference; lastKnownFileType = sourcecode.swift; path = AddPrayerView.swift; sourceTree = "<group>"; };
		CE2B9FC32F462DB100EB8D2D /* APIClient.swift */ = {isa = PBXFileReference; lastKnownFileType = sourcecode.swift; path = APIClient.swift; sourceTree = "<group>"; };
		CE2B9FC42F462DB100EB8D2D /* Assets.xcassets */ = {isa = PBXFileReference; lastKnownFileType = folder.assetcatalog; path = Assets.xcassets; sourceTree = "<group>"; };
		CE2B9FC52F462DB100EB8D2D /* AudioPlayerManager.swift */ = {isa = PBXFileReference; lastKnownFileType = sourcecode.swift; path = AudioPlayerManager.swift; sourceTree = "<group>"; };
		CE2B9FC62F462DB100EB8D2D /* AuthManager.swift */ = {isa = PBXFileReference; lastKnownFileType = sourcecode.swift; path = AuthManager.swift; sourceTree = "<group>"; };
		CE2B9FC72F462DB100EB8D2D /* AuthService.swift */ = {isa = PBXFileReference; lastKnownFileType = sourcecode.swift; path = AuthService.swift; sourceTree = "<group>"; };
		CE2B9FC82F462DB100EB8D2D /* AuthView.swift */ = {isa = PBXFileReference; lastKnownFileType = sourcecode.swift; path = AuthView.swift; sourceTree = "<group>"; };
		CE2B9FC92F462DB100EB8D2D /* config.swift */ = {isa = PBXFileReference; lastKnownFileType = sourcecode.swift; path = config.swift; sourceTree = "<group>"; };
		CE2B9FCA2F462DB100EB8D2D /* DefaultPrayers.swift */ = {isa = PBXFileReference; lastKnownFileType = sourcecode.swift; path = DefaultPrayers.swift; sourceTree = "<group>"; };
		CE2B9FCB2F462DB100EB8D2D /* DefaultPrayersView.swift */ = {isa = PBXFileReference; lastKnownFileType = sourcecode.swift; path = DefaultPrayersView.swift; sourceTree = "<group>"; };
		CE2B9FCC2F462DB100EB8D2D /* DenominationEditView.swift */ = {isa = PBXFileReference; lastKnownFileType = sourcecode.swift; path = DenominationEditView.swift; sourceTree = "<group>"; };
		CE2B9FCD2F462DB100EB8D2D /* DenominationSelectionView.swift */ = {isa = PBXFileReference; lastKnownFileType = sourcecode.swift; path = DenominationSelectionView.swift; sourceTree = "<group>"; };
		CE2B9FCE2F462DB100EB8D2D /* ForgotPasswordView.swift */ = {isa = PBXFileReference; lastKnownFileType = sourcecode.swift; path = ForgotPasswordView.swift; sourceTree = "<group>"; };
		CE2B9FCF2F462DB100EB8D2D /* LoginView.swift */ = {isa = PBXFileReference; lastKnownFileType = sourcecode.swift; path = LoginView.swift; sourceTree = "<group>"; };
		CE2B9FD02F462DB100EB8D2D /* MainTabView.swift */ = {isa = PBXFileReference; lastKnownFileType = sourcecode.swift; path = MainTabView.swift; sourceTree = "<group>"; };
		CE2B9FD12F462DB100EB8D2D /* PrayerAPIService.swift */ = {isa = PBXFileReference; lastKnownFileType = sourcecode.swift; path = PrayerAPIService.swift; sourceTree = "<group>"; };
		CE2B9FD22F462DB100EB8D2D /* PrayerEditorView.swift */ = {isa = PBXFileReference; lastKnownFileType = sourcecode.swift; path = PrayerEditorView.swift; sourceTree = "<group>"; };
		CE2B9FD32F462DB100EB8D2D /* PrayerManager.swift */ = {isa = PBXFileReference; lastKnownFileType = sourcecode.swift; path = PrayerManager.swift; sourceTree = "<group>"; };
		CE2B9FD42F462DB100EB8D2D /* PrayersListView.swift */ = {isa = PBXFileReference; lastKnownFileType = sourcecode.swift; path = PrayersListView.swift; sourceTree = "<group>"; };
		CE2B9FD52F462DB100EB8D2D /* PrayOnItApiService.swift */ = {isa = PBXFileReference; lastKnownFileType = sourcecode.swift; path = PrayOnItApiService.swift; sourceTree = "<group>"; };
		CE2B9FD62F462DB100EB8D2D /* PrayOnItManager.swift */ = {isa = PBXFileReference; lastKnownFileType = sourcecode.swift; path = PrayOnItManager.swift; sourceTree = "<group>"; };
		CE2B9FD72F462DB100EB8D2D /* PrayOnItView.swift */ = {isa = PBXFileReference; lastKnownFileType = sourcecode.swift; path = PrayOnItView.swift; sourceTree = "<group>"; };
		CE2B9FD82F462DB100EB8D2D /* SettingsAPIService.swift */ = {isa = PBXFileReference; lastKnownFileType = sourcecode.swift; path = SettingsAPIService.swift; sourceTree = "<group>"; };
		CE2B9FD92F462DB100EB8D2D /* SettingsView.swift */ = {isa = PBXFileReference; lastKnownFileType = sourcecode.swift; path = SettingsView.swift; sourceTree = "<group>"; };
		CE2B9FDA2F462DB100EB8D2D /* SignUpView.swift */ = {isa = PBXFileReference; lastKnownFileType = sourcecode.swift; path = SignUpView.swift; sourceTree = "<group>"; };
		CE2B9FDB2F462DB100EB8D2D /* SplashView.swift */ = {isa = PBXFileReference; lastKnownFileType = sourcecode.swift; path = SplashView.swift; sourceTree = "<group>"; };
		CE2B9FDC2F462DB100EB8D2D /* SubscriptionStatusCard.swift */ = {isa = PBXFileReference; lastKnownFileType = sourcecode.swift; path = SubscriptionStatusCard.swift; sourceTree = "<group>"; };
		CE2B9FDD2F462DB100EB8D2D /* TowerOfBabbleApp.swift */ = {isa = PBXFileReference; lastKnownFileType = sourcecode.swift; path = TowerOfBabbleApp.swift; sourceTree = "<group>"; };
		CE2B9FDE2F462DB100EB8D2D /* UserSettings.swift */ = {isa = PBXFileReference; lastKnownFileType = sourcecode.swift; path = UserSettings.swift; sourceTree = "<group>"; };
		CE2B9FDF2F462DB100EB8D2D /* VoicePreviewManager.swift */ = {isa = PBXFileReference; lastKnownFileType = sourcecode.swift; path = VoicePreviewManager.swift; sourceTree = "<group>"; };
		CE2B9FE02F462DB100EB8D2D /* VoiceSelectionView.swift */ = {isa = PBXFileReference; lastKnownFileType = sourcecode.swift; path = VoiceSelectionView.swift; sourceTree = "<group>"; };
		CE2B9FE12F462DB100EB8D2D /* VoiceService.swift */ = {isa = PBXFileReference; lastKnownFileType = sourcecode.swift; path = VoiceService.swift; sourceTree = "<group>"; };
		CE2BA0642F48295A00EB8D2D /* SubscriptionService.swift */ = {isa = PBXFileReference; lastKnownFileType = sourcecode.swift; path = SubscriptionService.swift; sourceTree = "<group>"; };
		CE2BA0662F48297600EB8D2D /* TierEnforcementView.swift */ = {isa = PBXFileReference; lastKnownFileType = sourcecode.swift; path = TierEnforcementView.swift; sourceTree = "<group>"; };
		CE99262A2EE357F5003D71CB /* .gitignore */ = {isa = PBXFileReference; lastKnownFileType = text; path = .gitignore; sourceTree = "<group>"; };
		CED8E4BE2EE2455700303161 /* TowerOfBabble.app */ = {isa = PBXFileReference; explicitFileType = wrapper.application; includeInIndex = 0; path = TowerOfBabble.app; sourceTree = BUILT_PRODUCTS_DIR; };
/* End PBXFileReference section */

/* Begin PBXFrameworksBuildPhase section */
		CED8E4BB2EE2455700303161 /* Frameworks */ = {
			isa = PBXFrameworksBuildPhase;
			buildActionMask = 2147483647;
			files = (
			);
			runOnlyForDeploymentPostprocessing = 0;
		};
/* End PBXFrameworksBuildPhase section */

/* Begin PBXGroup section */
		CE2B9FC12F462DB100EB8D2D /* Resources */ = {
			isa = PBXGroup;
			children = (
				CE2B9FBA2F462DB100EB8D2D /* golem_preview.mp3 */,
				CE2B9FBB2F462DB100EB8D2D /* guy_neural.mp3 */,
				CE2B9FBC2F462DB100EB8D2D /* jenny_neural.mp3 */,
				CE2B9FBD2F462DB100EB8D2D /* jordan_preview.mp3 */,
				CE2B9FBE2F462DB100EB8D2D /* ryan_neural.mp3 */,
				CE2B9FBF2F462DB100EB8D2D /* selene_preview.mp3 */,
				CE2B9FC02F462DB100EB8D2D /* sonia_neural.mp3 */,
			);
			path = Resources;
			sourceTree = "<group>";
		};
		CE2B9FE22F462DB100EB8D2D /* TowerOfBabble */ = {
			isa = PBXGroup;
			children = (
				CE2BA00D2F462DDA00EB8D2D /* Shared */,
				CE2BA00C2F462DD400EB8D2D /* Core */,
				CE2BA00B2F462DCC00EB8D2D /* App */,
				CE2BA00A2F462DC400EB8D2D /* Features */,
				CE2B9FC12F462DB100EB8D2D /* Resources */,
				CE2B9FC42F462DB100EB8D2D /* Assets.xcassets */,
			);
			path = TowerOfBabble;
			sourceTree = "<group>";
		};
		CE2BA00A2F462DC400EB8D2D /* Features */ = {
			isa = PBXGroup;
			children = (
				CE2BA0142F46307D00EB8D2D /* Auth */,
				CE2BA0132F46302600EB8D2D /* Settings */,
				CE2BA0122F462EB400EB8D2D /* Denomination */,
				CE2BA0112F462E7F00EB8D2D /* Voice */,
				CE2BA0102F462E6500EB8D2D /* PrayOnIt */,
				CE2BA00F2F462E0200EB8D2D /* Prayers */,
			);
			path = Features;
			sourceTree = "<group>";
		};
		CE2BA00B2F462DCC00EB8D2D /* App */ = {
			isa = PBXGroup;
			children = (
				CE2B9FDB2F462DB100EB8D2D /* SplashView.swift */,
				CE2B9FD02F462DB100EB8D2D /* MainTabView.swift */,
				CE2B9FDD2F462DB100EB8D2D /* TowerOfBabbleApp.swift */,
			);
			path = App;
			sourceTree = "<group>";
		};
		CE2BA00C2F462DD400EB8D2D /* Core */ = {
			isa = PBXGroup;
			children = (
				CE2BA0642F48295A00EB8D2D /* SubscriptionService.swift */,
				CE2B9FC92F462DB100EB8D2D /* config.swift */,
				CE2B9FC32F462DB100EB8D2D /* APIClient.swift */,
			);
			path = Core;
			sourceTree = "<group>";
		};
		CE2BA00D2F462DDA00EB8D2D /* Shared */ = {
			isa = PBXGroup;
			children = (
				CE2BA0662F48297600EB8D2D /* TierEnforcementView.swift */,
				CE2B9FDC2F462DB100EB8D2D /* SubscriptionStatusCard.swift */,
				CE2B9FC52F462DB100EB8D2D /* AudioPlayerManager.swift */,
			);
			path = Shared;
			sourceTree = "<group>";
		};
		CE2BA00F2F462E0200EB8D2D /* Prayers */ = {
			isa = PBXGroup;
			children = (
				CE2B9FC22F462DB100EB8D2D /* AddPrayerView.swift */,
				CE2B9FCB2F462DB100EB8D2D /* DefaultPrayersView.swift */,
				CE2B9FD32F462DB100EB8D2D /* PrayerManager.swift */,
				CE2B9FD22F462DB100EB8D2D /* PrayerEditorView.swift */,
				CE2B9FD12F462DB100EB8D2D /* PrayerAPIService.swift */,
				CE2B9FD42F462DB100EB8D2D /* PrayersListView.swift */,
				CE2B9FCA2F462DB100EB8D2D /* DefaultPrayers.swift */,
			);
			path = Prayers;
			sourceTree = "<group>";
		};
		CE2BA0102F462E6500EB8D2D /* PrayOnIt */ = {
			isa = PBXGroup;
			children = (
				CE2B9FD52F462DB100EB8D2D /* PrayOnItApiService.swift */,
				CE2B9FD62F462DB100EB8D2D /* PrayOnItManager.swift */,
				CE2B9FD72F462DB100EB8D2D /* PrayOnItView.swift */,
			);
			path = PrayOnIt;
			sourceTree = "<group>";
		};
		CE2BA0112F462E7F00EB8D2D /* Voice */ = {
			isa = PBXGroup;
			children = (
				CE2B9FDF2F462DB100EB8D2D /* VoicePreviewManager.swift */,
				CE2B9FE02F462DB100EB8D2D /* VoiceSelectionView.swift */,
				CE2B9FE12F462DB100EB8D2D /* VoiceService.swift */,
			);
			path = Voice;
			sourceTree = "<group>";
		};
		CE2BA0122F462EB400EB8D2D /* Denomination */ = {
			isa = PBXGroup;
			children = (
				CE2B9FCD2F462DB100EB8D2D /* DenominationSelectionView.swift */,
				CE2B9FCC2F462DB100EB8D2D /* DenominationEditView.swift */,
			);
			path = Denomination;
			sourceTree = "<group>";
		};
		CE2BA0132F46302600EB8D2D /* Settings */ = {
			isa = PBXGroup;
			children = (
				CE2B9FDE2F462DB100EB8D2D /* UserSettings.swift */,
				CE2B9FD92F462DB100EB8D2D /* SettingsView.swift */,
				CE2B9FD82F462DB100EB8D2D /* SettingsAPIService.swift */,
			);
			path = Settings;
			sourceTree = "<group>";
		};
		CE2BA0142F46307D00EB8D2D /* Auth */ = {
			isa = PBXGroup;
			children = (
				CE2B9FC82F462DB100EB8D2D /* AuthView.swift */,
				CE2B9FC72F462DB100EB8D2D /* AuthService.swift */,
				CE2B9FDA2F462DB100EB8D2D /* SignUpView.swift */,
				CE2B9FC62F462DB100EB8D2D /* AuthManager.swift */,
				CE2B9FCF2F462DB100EB8D2D /* LoginView.swift */,
				CE2B9FCE2F462DB100EB8D2D /* ForgotPasswordView.swift */,
			);
			path = Auth;
			sourceTree = "<group>";
		};
		CED8E4B52EE2455700303161 = {
			isa = PBXGroup;
			children = (
				CE99262A2EE357F5003D71CB /* .gitignore */,
				CED8E4BF2EE2455700303161 /* Products */,
				CE2B9FE22F462DB100EB8D2D /* TowerOfBabble */,
			);
			sourceTree = "<group>";
		};
		CED8E4BF2EE2455700303161 /* Products */ = {
			isa = PBXGroup;
			children = (
				CED8E4BE2EE2455700303161 /* TowerOfBabble.app */,
			);
			name = Products;
			sourceTree = "<group>";
		};
/* End PBXGroup section */

/* Begin PBXNativeTarget section */
		CED8E4BD2EE2455700303161 /* TowerOfBabble */ = {
			isa = PBXNativeTarget;
			buildConfigurationList = CED8E4C92EE2455800303161 /* Build configuration list for PBXNativeTarget "TowerOfBabble" */;
			buildPhases = (
				CED8E4BA2EE2455700303161 /* Sources */,
				CED8E4BB2EE2455700303161 /* Frameworks */,
				CED8E4BC2EE2455700303161 /* Resources */,
			);
			buildRules = (
			);
			dependencies = (
			);
			name = TowerOfBabble;
			packageProductDependencies = (
			);
			productName = TowerOfBabble;
			productReference = CED8E4BE2EE2455700303161 /* TowerOfBabble.app */;
			productType = "com.apple.product-type.application";
		};
/* End PBXNativeTarget section */

/* Begin PBXProject section */
		CED8E4B62EE2455700303161 /* Project object */ = {
			isa = PBXProject;
			attributes = {
				BuildIndependentTargetsInParallel = 1;
				LastSwiftUpdateCheck = 2610;
				LastUpgradeCheck = 2610;
				TargetAttributes = {
					CED8E4BD2EE2455700303161 = {
						CreatedOnToolsVersion = 26.1.1;
					};
				};
			};
			buildConfigurationList = CED8E4B92EE2455700303161 /* Build configuration list for PBXProject "TowerOfBabble" */;
			developmentRegion = en;
			hasScannedForEncodings = 0;
			knownRegions = (
				en,
				Base,
			);
			mainGroup = CED8E4B52EE2455700303161;
			minimizedProjectReferenceProxies = 1;
			preferredProjectObjectVersion = 77;
			productRefGroup = CED8E4BF2EE2455700303161 /* Products */;
			projectDirPath = "";
			projectRoot = "";
			targets = (
				CED8E4BD2EE2455700303161 /* TowerOfBabble */,
			);
		};
/* End PBXProject section */

/* Begin PBXResourcesBuildPhase section */
		CED8E4BC2EE2455700303161 /* Resources */ = {
			isa = PBXResourcesBuildPhase;
			buildActionMask = 2147483647;
			files = (
				CE2BA0022F462DB100EB8D2D /* golem_preview.mp3 in Resources */,
				CE2BA0032F462DB100EB8D2D /* guy_neural.mp3 in Resources */,
				CE2BA0042F462DB100EB8D2D /* jenny_neural.mp3 in Resources */,
				CE2BA0052F462DB100EB8D2D /* jordan_preview.mp3 in Resources */,
				CE2BA0062F462DB100EB8D2D /* ryan_neural.mp3 in Resources */,
				CE2BA0072F462DB100EB8D2D /* selene_preview.mp3 in Resources */,
				CE2BA0082F462DB100EB8D2D /* sonia_neural.mp3 in Resources */,
				CE2BA0092F462DB100EB8D2D /* Assets.xcassets in Resources */,
				CE99262B2EE357FC003D71CB /* .gitignore in Resources */,
			);
			runOnlyForDeploymentPostprocessing = 0;
		};
/* End PBXResourcesBuildPhase section */

/* Begin PBXSourcesBuildPhase section */
		CED8E4BA2EE2455700303161 /* Sources */ = {
			isa = PBXSourcesBuildPhase;
			buildActionMask = 2147483647;
			files = (
				CE2B9FE32F462DB100EB8D2D /* AddPrayerView.swift in Sources */,
				CE2B9FE42F462DB100EB8D2D /* APIClient.swift in Sources */,
				CE2B9FE52F462DB100EB8D2D /* AudioPlayerManager.swift in Sources */,
				CE2B9FE62F462DB100EB8D2D /* AuthManager.swift in Sources */,
				CE2B9FE72F462DB100EB8D2D /* AuthService.swift in Sources */,
				CE2B9FE82F462DB100EB8D2D /* AuthView.swift in Sources */,
				CE2B9FE92F462DB100EB8D2D /* config.swift in Sources */,
				CE2B9FEA2F462DB100EB8D2D /* DefaultPrayers.swift in Sources */,
				CE2B9FEB2F462DB100EB8D2D /* DefaultPrayersView.swift in Sources */,
				CE2B9FEC2F462DB100EB8D2D /* DenominationEditView.swift in Sources */,
				CE2BA0652F48296600EB8D2D /* SubscriptionService.swift in Sources */,
				CE2B9FED2F462DB100EB8D2D /* DenominationSelectionView.swift in Sources */,
				CE2B9FEE2F462DB100EB8D2D /* ForgotPasswordView.swift in Sources */,
				CE2B9FEF2F462DB100EB8D2D /* LoginView.swift in Sources */,
				CE2B9FF02F462DB100EB8D2D /* MainTabView.swift in Sources */,
				CE2B9FF12F462DB100EB8D2D /* PrayerAPIService.swift in Sources */,
				CE2B9FF22F462DB100EB8D2D /* PrayerEditorView.swift in Sources */,
				CE2B9FF32F462DB100EB8D2D /* PrayerManager.swift in Sources */,
				CE2B9FF42F462DB100EB8D2D /* PrayersListView.swift in Sources */,
				CE2BA0672F48297800EB8D2D /* TierEnforcementView.swift in Sources */,
				CE2B9FF52F462DB100EB8D2D /* PrayOnItApiService.swift in Sources */,
				CE2B9FF62F462DB100EB8D2D /* PrayOnItManager.swift in Sources */,
				CE2B9FF72F462DB100EB8D2D /* PrayOnItView.swift in Sources */,
				CE2B9FF82F462DB100EB8D2D /* SettingsAPIService.swift in Sources */,
				CE2B9FF92F462DB100EB8D2D /* SettingsView.swift in Sources */,
				CE2B9FFA2F462DB100EB8D2D /* SignUpView.swift in Sources */,
				CE2B9FFB2F462DB100EB8D2D /* SplashView.swift in Sources */,
				CE2B9FFC2F462DB100EB8D2D /* SubscriptionStatusCard.swift in Sources */,
				CE2B9FFD2F462DB100EB8D2D /* TowerOfBabbleApp.swift in Sources */,
				CE2B9FFE2F462DB100EB8D2D /* UserSettings.swift in Sources */,
				CE2B9FFF2F462DB100EB8D2D /* VoicePreviewManager.swift in Sources */,
				CE2BA0002F462DB100EB8D2D /* VoiceSelectionView.swift in Sources */,
				CE2BA0012F462DB100EB8D2D /* VoiceService.swift in Sources */,
			);
			runOnlyForDeploymentPostprocessing = 0;
		};
/* End PBXSourcesBuildPhase section */

/* Begin XCBuildConfiguration section */
		CED8E4C72EE2455800303161 /* Debug */ = {
			isa = XCBuildConfiguration;
			buildSettings = {
				ALWAYS_SEARCH_USER_PATHS = NO;
				ASSETCATALOG_COMPILER_GENERATE_SWIFT_ASSET_SYMBOL_EXTENSIONS = YES;
				CLANG_ANALYZER_NONNULL = YES;
				CLANG_ANALYZER_NUMBER_OBJECT_CONVERSION = YES_AGGRESSIVE;
				CLANG_CXX_LANGUAGE_STANDARD = "gnu++20";
				CLANG_ENABLE_MODULES = YES;
				CLANG_ENABLE_OBJC_ARC = YES;
				CLANG_ENABLE_OBJC_WEAK = YES;
				CLANG_WARN_BLOCK_CAPTURE_AUTORELEASING = YES;
				CLANG_WARN_BOOL_CONVERSION = YES;
				CLANG_WARN_COMMA = YES;
				CLANG_WARN_CONSTANT_CONVERSION = YES;
				CLANG_WARN_DEPRECATED_OBJC_IMPLEMENTATIONS = YES;
				CLANG_WARN_DIRECT_OBJC_ISA_USAGE = YES_ERROR;
				CLANG_WARN_DOCUMENTATION_COMMENTS = YES;
				CLANG_WARN_EMPTY_BODY = YES;
				CLANG_WARN_ENUM_CONVERSION = YES;
				CLANG_WARN_INFINITE_RECURSION = YES;
				CLANG_WARN_INT_CONVERSION = YES;
				CLANG_WARN_NON_LITERAL_NULL_CONVERSION = YES;
				CLANG_WARN_OBJC_IMPLICIT_RETAIN_SELF = YES;
				CLANG_WARN_OBJC_LITERAL_CONVERSION = YES;
				CLANG_WARN_OBJC_ROOT_CLASS = YES_ERROR;
				CLANG_WARN_QUOTED_INCLUDE_IN_FRAMEWORK_HEADER = YES;
				CLANG_WARN_RANGE_LOOP_ANALYSIS = YES;
				CLANG_WARN_STRICT_PROTOTYPES = YES;
				CLANG_WARN_SUSPICIOUS_MOVE = YES;
				CLANG_WARN_UNGUARDED_AVAILABILITY = YES_AGGRESSIVE;
				CLANG_WARN_UNREACHABLE_CODE = YES;
				CLANG_WARN__DUPLICATE_METHOD_MATCH = YES;
				COPY_PHASE_STRIP = NO;
				DEBUG_INFORMATION_FORMAT = dwarf;
				ENABLE_STRICT_OBJC_MSGSEND = YES;
				ENABLE_TESTABILITY = YES;
				ENABLE_USER_SCRIPT_SANDBOXING = YES;
				GCC_C_LANGUAGE_STANDARD = gnu17;
				GCC_DYNAMIC_NO_PIC = NO;
				GCC_NO_COMMON_BLOCKS = YES;
				GCC_OPTIMIZATION_LEVEL = 0;
				GCC_PREPROCESSOR_DEFINITIONS = (
					"DEBUG=1",
					"$(inherited)",
				);
				GCC_WARN_64_TO_32_BIT_CONVERSION = YES;
				GCC_WARN_ABOUT_RETURN_TYPE = YES_ERROR;
				GCC_WARN_UNDECLARED_SELECTOR = YES;
				GCC_WARN_UNINITIALIZED_AUTOS = YES_AGGRESSIVE;
				GCC_WARN_UNUSED_FUNCTION = YES;
				GCC_WARN_UNUSED_VARIABLE = YES;
				IPHONEOS_DEPLOYMENT_TARGET = 26.1;
				LOCALIZATION_PREFERS_STRING_CATALOGS = YES;
				MTL_ENABLE_DEBUG_INFO = INCLUDE_SOURCE;
				MTL_FAST_MATH = YES;
				ONLY_ACTIVE_ARCH = YES;
				SDKROOT = iphoneos;
				SWIFT_ACTIVE_COMPILATION_CONDITIONS = "DEBUG $(inherited)";
				SWIFT_OPTIMIZATION_LEVEL = "-Onone";
			};
			name = Debug;
		};
		CED8E4C82EE2455800303161 /* Release */ = {
			isa = XCBuildConfiguration;
			buildSettings = {
				ALWAYS_SEARCH_USER_PATHS = NO;
				ASSETCATALOG_COMPILER_GENERATE_SWIFT_ASSET_SYMBOL_EXTENSIONS = YES;
				CLANG_ANALYZER_NONNULL = YES;
				CLANG_ANALYZER_NUMBER_OBJECT_CONVERSION = YES_AGGRESSIVE;
				CLANG_CXX_LANGUAGE_STANDARD = "gnu++20";
				CLANG_ENABLE_MODULES = YES;
				CLANG_ENABLE_OBJC_ARC = YES;
				CLANG_ENABLE_OBJC_WEAK = YES;
				CLANG_WARN_BLOCK_CAPTURE_AUTORELEASING = YES;
				CLANG_WARN_BOOL_CONVERSION = YES;
				CLANG_WARN_COMMA = YES;
				CLANG_WARN_CONSTANT_CONVERSION = YES;
				CLANG_WARN_DEPRECATED_OBJC_IMPLEMENTATIONS = YES;
				CLANG_WARN_DIRECT_OBJC_ISA_USAGE = YES_ERROR;
				CLANG_WARN_DOCUMENTATION_COMMENTS = YES;
				CLANG_WARN_EMPTY_BODY = YES;
				CLANG_WARN_ENUM_CONVERSION = YES;
				CLANG_WARN_INFINITE_RECURSION = YES;
				CLANG_WARN_INT_CONVERSION = YES;
				CLANG_WARN_NON_LITERAL_NULL_CONVERSION = YES;
				CLANG_WARN_OBJC_IMPLICIT_RETAIN_SELF = YES;
				CLANG_WARN_OBJC_LITERAL_CONVERSION = YES;
				CLANG_WARN_OBJC_ROOT_CLASS = YES_ERROR;
				CLANG_WARN_QUOTED_INCLUDE_IN_FRAMEWORK_HEADER = YES;
				CLANG_WARN_RANGE_LOOP_ANALYSIS = YES;
				CLANG_WARN_STRICT_PROTOTYPES = YES;
				CLANG_WARN_SUSPICIOUS_MOVE = YES;
				CLANG_WARN_UNGUARDED_AVAILABILITY = YES_AGGRESSIVE;
				CLANG_WARN_UNREACHABLE_CODE = YES;
				CLANG_WARN__DUPLICATE_METHOD_MATCH = YES;
				COPY_PHASE_STRIP = NO;
				DEBUG_INFORMATION_FORMAT = "dwarf-with-dsym";
				ENABLE_NS_ASSERTIONS = NO;
				ENABLE_STRICT_OBJC_MSGSEND = YES;
				ENABLE_USER_SCRIPT_SANDBOXING = YES;
				GCC_C_LANGUAGE_STANDARD = gnu17;
				GCC_NO_COMMON_BLOCKS = YES;
				GCC_WARN_64_TO_32_BIT_CONVERSION = YES;
				GCC_WARN_ABOUT_RETURN_TYPE = YES_ERROR;
				GCC_WARN_UNDECLARED_SELECTOR = YES;
				GCC_WARN_UNINITIALIZED_AUTOS = YES_AGGRESSIVE;
				GCC_WARN_UNUSED_FUNCTION = YES;
				GCC_WARN_UNUSED_VARIABLE = YES;
				IPHONEOS_DEPLOYMENT_TARGET = 26.1;
				LOCALIZATION_PREFERS_STRING_CATALOGS = YES;
				MTL_ENABLE_DEBUG_INFO = NO;
				MTL_FAST_MATH = YES;
				SDKROOT = iphoneos;
				SWIFT_COMPILATION_MODE = wholemodule;
				VALIDATE_PRODUCT = YES;
			};
			name = Release;
		};
		CED8E4CA2EE2455800303161 /* Debug */ = {
			isa = XCBuildConfiguration;
			buildSettings = {
				ASSETCATALOG_COMPILER_APPICON_NAME = AppIcon;
				ASSETCATALOG_COMPILER_GLOBAL_ACCENT_COLOR_NAME = AccentColor;
				CODE_SIGN_STYLE = Automatic;
				CURRENT_PROJECT_VERSION = 1;
				ENABLE_PREVIEWS = YES;
				GENERATE_INFOPLIST_FILE = YES;
				INFOPLIST_KEY_UIApplicationSceneManifest_Generation = YES;
				INFOPLIST_KEY_UIApplicationSupportsIndirectInputEvents = YES;
				INFOPLIST_KEY_UILaunchScreen_Generation = YES;
				INFOPLIST_KEY_UISupportedInterfaceOrientations_iPad = "UIInterfaceOrientationPortrait UIInterfaceOrientationPortraitUpsideDown UIInterfaceOrientationLandscapeLeft UIInterfaceOrientationLandscapeRight";
				INFOPLIST_KEY_UISupportedInterfaceOrientations_iPhone = "UIInterfaceOrientationPortrait UIInterfaceOrientationLandscapeLeft UIInterfaceOrientationLandscapeRight";
				LD_RUNPATH_SEARCH_PATHS = (
					"$(inherited)",
					"@executable_path/Frameworks",
				);
				MARKETING_VERSION = 1.0;
				PRODUCT_BUNDLE_IDENTIFIER = foxdogdevelopment.TowerOfBabble;
				PRODUCT_NAME = "$(TARGET_NAME)";
				STRING_CATALOG_GENERATE_SYMBOLS = YES;
				SWIFT_APPROACHABLE_CONCURRENCY = YES;
				SWIFT_DEFAULT_ACTOR_ISOLATION = MainActor;
				SWIFT_EMIT_LOC_STRINGS = YES;
				SWIFT_UPCOMING_FEATURE_MEMBER_IMPORT_VISIBILITY = YES;
				SWIFT_VERSION = 5.0;
				TARGETED_DEVICE_FAMILY = "1,2";
			};
			name = Debug;
		};
		CED8E4CB2EE2455800303161 /* Release */ = {
			isa = XCBuildConfiguration;
			buildSettings = {
				ASSETCATALOG_COMPILER_APPICON_NAME = AppIcon;
				ASSETCATALOG_COMPILER_GLOBAL_ACCENT_COLOR_NAME = AccentColor;
				CODE_SIGN_STYLE = Automatic;
				CURRENT_PROJECT_VERSION = 1;
				ENABLE_PREVIEWS = YES;
				GENERATE_INFOPLIST_FILE = YES;
				INFOPLIST_KEY_UIApplicationSceneManifest_Generation = YES;
				INFOPLIST_KEY_UIApplicationSupportsIndirectInputEvents = YES;
				INFOPLIST_KEY_UILaunchScreen_Generation = YES;
				INFOPLIST_KEY_UISupportedInterfaceOrientations_iPad = "UIInterfaceOrientationPortrait UIInterfaceOrientationPortraitUpsideDown UIInterfaceOrientationLandscapeLeft UIInterfaceOrientationLandscapeRight";
				INFOPLIST_KEY_UISupportedInterfaceOrientations_iPhone = "UIInterfaceOrientationPortrait UIInterfaceOrientationLandscapeLeft UIInterfaceOrientationLandscapeRight";
				LD_RUNPATH_SEARCH_PATHS = (
					"$(inherited)",
					"@executable_path/Frameworks",
				);
				MARKETING_VERSION = 1.0;
				PRODUCT_BUNDLE_IDENTIFIER = foxdogdevelopment.TowerOfBabble;
				PRODUCT_NAME = "$(TARGET_NAME)";
				STRING_CATALOG_GENERATE_SYMBOLS = YES;
				SWIFT_APPROACHABLE_CONCURRENCY = YES;
				SWIFT_DEFAULT_ACTOR_ISOLATION = MainActor;
				SWIFT_EMIT_LOC_STRINGS = YES;
				SWIFT_UPCOMING_FEATURE_MEMBER_IMPORT_VISIBILITY = YES;
				SWIFT_VERSION = 5.0;
				TARGETED_DEVICE_FAMILY = "1,2";
			};
			name = Release;
		};
/* End XCBuildConfiguration section */

/* Begin XCConfigurationList section */
		CED8E4B92EE2455700303161 /* Build configuration list for PBXProject "TowerOfBabble" */ = {
			isa = XCConfigurationList;
			buildConfigurations = (
				CED8E4C72EE2455800303161 /* Debug */,
				CED8E4C82EE2455800303161 /* Release */,
			);
			defaultConfigurationIsVisible = 0;
			defaultConfigurationName = Release;
		};
		CED8E4C92EE2455800303161 /* Build configuration list for PBXNativeTarget "TowerOfBabble" */ = {
			isa = XCConfigurationList;
			buildConfigurations = (
				CED8E4CA2EE2455800303161 /* Debug */,
				CED8E4CB2EE2455800303161 /* Release */,
			);
			defaultConfigurationIsVisible = 0;
			defaultConfigurationName = Release;
		};
/* End XCConfigurationList section */
	};
	rootObject = CED8E4B62EE2455700303161 /* Project object */;
}
